
Microsoft Visual Studio Solution File, Format Version 12.00
# Visual Studio Version 17
VisualStudioVersion = 17.8.34525.116
MinimumVisualStudioVersion = 10.0.40219.1
Project("{FAE04EC0-301F-11D3-BF4B-00C04F79EFBC}") = "Hotel", "Hotel\Hotel.csproj", "{27C9E22C-C623-4B75-8370-8A3A9FF14851}"
EndProject
Global
	GlobalSection(SolutionConfigurationPlatforms) = preSolution
		Debug|Any CPU = Debug|Any CPU
		Release|Any CPU = Release|Any CPU
	EndGlobalSection
	GlobalSection(ProjectConfigurationPlatforms) = postSolution
		{27C9E22C-C623-4B75-8370-8A3A9FF14851}.Debug|Any CPU.ActiveCfg = Debug|Any CPU
		{27C9E22C-C623-4B75-8370-8A3A9FF14851}.Debug|Any CPU.Build.0 = Debug|Any CPU
		{27C9E22C-C623-4B75-8370-8A3A9FF14851}.Release|Any CPU.ActiveCfg = Release|Any CPU
		{27C9E22C-C623-4B75-8370-8A3A9FF14851}.Release|Any CPU.Build.0 = Release|Any CPU
	EndGlobalSection
	GlobalSection(SolutionProperties) = preSolution
		HideSolutionNode = FALSE
	EndGlobalSection
	GlobalSection(ExtensibilityGlobals) = postSolution
		SolutionGuid = {AB13E31A-329F-4B41-9DE1-321828ABB6C3}
	EndGlobalSection
EndGlobal
